{
  "version": 4,
  "terraform_version": "1.8.0",
  "serial": 4,
  "lineage": "a1b9bfb1-a974-7c62-6805-ce0e1a96d565",
  "outputs": {},
  "resources": [
    {
      "mode": "managed",
      "type": "aznamingtool_resource_name",
      "name": "vm-linux-name",
      "provider": "provider[\"registry.terrafrom.io/rafaelherik/aznamingtool\"]",
      "instances": [
        {
          "schema_version": 0,
          "attributes": {
            "components": {
              "resource_environment": "dev",
              "resource_function": "func",
              "resource_instance": "35",
              "resource_location": "aec",
              "resource_proj_app_svc": "tnp",
              "resource_type": "vm"
            },
            "created_on": "2024-08-07T13:47:01.1902471+00:00",
            "id": 16,
            "resource_name": "vm-tnp-func-dev-aec-38",
            "resource_type_id": 85,
            "resource_type_name": "Compute/virtualMachines - Linux"
          },
          "sensitive_attributes": []
        }
      ]
    }
  ],
  "check_results": null
}
